
Microsoft Visual Studio Solution File, Format Version 12.00
# Visual Studio Version 17
VisualStudioVersion = 17.14.36414.22
MinimumVisualStudioVersion = 10.0.40219.1
Project("{FAE04EC0-301F-11D3-BF4B-00C04F79EFBC}") = "Bilet1", "Bilet1\Bilet1.csproj", "{EAD759AD-DED8-4A4E-8C5D-C699B9D43FDA}"
EndProject
Global
	GlobalSection(SolutionConfigurationPlatforms) = preSolution
		Debug|Any CPU = Debug|Any CPU
		Release|Any CPU = Release|Any CPU
	EndGlobalSection
	GlobalSection(ProjectConfigurationPlatforms) = postSolution
		{EAD759AD-DED8-4A4E-8C5D-C699B9D43FDA}.Debug|Any CPU.ActiveCfg = Debug|Any CPU
		{EAD759AD-DED8-4A4E-8C5D-C699B9D43FDA}.Debug|Any CPU.Build.0 = Debug|Any CPU
		{EAD759AD-DED8-4A4E-8C5D-C699B9D43FDA}.Release|Any CPU.ActiveCfg = Release|Any CPU
		{EAD759AD-DED8-4A4E-8C5D-C699B9D43FDA}.Release|Any CPU.Build.0 = Release|Any CPU
	EndGlobalSection
	GlobalSection(SolutionProperties) = preSolution
		HideSolutionNode = FALSE
	EndGlobalSection
	GlobalSection(ExtensibilityGlobals) = postSolution
		SolutionGuid = {4FDE7A53-2009-4B60-AC43-CD8EEAA5673E}
	EndGlobalSection
EndGlobal
